
Microsoft Visual Studio Solution File, Format Version 12.00
# Visual Studio Version 16
VisualStudioVersion = 16.0.30804.86
MinimumVisualStudioVersion = 10.0.40219.1
Project("{FAE04EC0-301F-11D3-BF4B-00C04F79EFBC}") = "Dictionary", "Dictionary\Dictionary.csproj", "{DDCF82AF-823F-4DEE-A426-3F06EDEE7F6F}"
EndProject
Global
	GlobalSection(SolutionConfigurationPlatforms) = preSolution
		Debug|Any CPU = Debug|Any CPU
		Release|Any CPU = Release|Any CPU
	EndGlobalSection
	GlobalSection(ProjectConfigurationPlatforms) = postSolution
		{DDCF82AF-823F-4DEE-A426-3F06EDEE7F6F}.Debug|Any CPU.ActiveCfg = Debug|Any CPU
		{DDCF82AF-823F-4DEE-A426-3F06EDEE7F6F}.Debug|Any CPU.Build.0 = Debug|Any CPU
		{DDCF82AF-823F-4DEE-A426-3F06EDEE7F6F}.Release|Any CPU.ActiveCfg = Release|Any CPU
		{DDCF82AF-823F-4DEE-A426-3F06EDEE7F6F}.Release|Any CPU.Build.0 = Release|Any CPU
	EndGlobalSection
	GlobalSection(SolutionProperties) = preSolution
		HideSolutionNode = FALSE
	EndGlobalSection
	GlobalSection(ExtensibilityGlobals) = postSolution
		SolutionGuid = {CEE55AEB-BBE3-4080-8702-ABCE5B5ABCE1}
	EndGlobalSection
EndGlobal
